// !$*UTF8*$!
{
	archiveVersion = 1;
	classes = {
	};
	objectVersion = 46;
	objects = {

/* Begin PBXBuildFile section */
		6376D8FB198AC6EC00405622 /* Foundation.framework in Frameworks */ = {isa = PBXBuildFile; fileRef = 6376D8FA198AC6EB00405622 /* Foundation.framework */; };
		6376D8FD198AC6EC00405622 /* CoreGraphics.framework in Frameworks */ = {isa = PBXBuildFile; fileRef = 6376D8FC198AC6EC00405622 /* CoreGraphics.framework */; };
		6376D8FF198AC6EC00405622 /* UIKit.framework in Frameworks */ = {isa = PBXBuildFile; fileRef = 6376D8FE198AC6EC00405622 /* UIKit.framework */; };
		6376D905198AC6EC00405622 /* InfoPlist.strings in Resources */ = {isa = PBXBuildFile; fileRef = 6376D903198AC6EC00405622 /* InfoPlist.strings */; };
		6376D907198AC6EC00405622 /* main.m in Sources */ = {isa = PBXBuildFile; fileRef = 6376D906198AC6EC00405622 /* main.m */; };
		6376D90B198AC6EC00405622 /* TMDAppDelegate.m in Sources */ = {isa = PBXBuildFile; fileRef = 6376D90A198AC6EC00405622 /* TMDAppDelegate.m */; };
		6376D90E198AC6EC00405622 /* Main.storyboard in Resources */ = {isa = PBXBuildFile; fileRef = 6376D90C198AC6EC00405622 /* Main.storyboard */; };
		6376D911198AC6EC00405622 /* TMDViewController.m in Sources */ = {isa = PBXBuildFile; fileRef = 6376D910198AC6EC00405622 /* TMDViewController.m */; };
		6376D913198AC6EC00405622 /* Images.xcassets in Resources */ = {isa = PBXBuildFile; fileRef = 6376D912198AC6EC00405622 /* Images.xcassets */; };
		6376D91A198AC6EC00405622 /* XCTest.framework in Frameworks */ = {isa = PBXBuildFile; fileRef = 6376D919198AC6EC00405622 /* XCTest.framework */; };
		6376D91B198AC6EC00405622 /* Foundation.framework in Frameworks */ = {isa = PBXBuildFile; fileRef = 6376D8FA198AC6EB00405622 /* Foundation.framework */; };
		6376D91C198AC6EC00405622 /* UIKit.framework in Frameworks */ = {isa = PBXBuildFile; fileRef = 6376D8FE198AC6EC00405622 /* UIKit.framework */; };
		6376D924198AC6EC00405622 /* InfoPlist.strings in Resources */ = {isa = PBXBuildFile; fileRef = 6376D922198AC6EC00405622 /* InfoPlist.strings */; };
		6376D926198AC6EC00405622 /* FastestRPMTests.m in Sources */ = {isa = PBXBuildFile; fileRef = 6376D925198AC6EC00405622 /* FastestRPMTests.m */; };
		6376D930198ACBA800405622 /* speedometer_needle.jpg in Resources */ = {isa = PBXBuildFile; fileRef = 6376D92F198ACBA800405622 /* speedometer_needle.jpg */; };
		6376D932198ACFF100405622 /* speedometer_without_needle.jpg in Resources */ = {isa = PBXBuildFile; fileRef = 6376D931198ACFF100405622 /* speedometer_without_needle.jpg */; };
/* End PBXBuildFile section */

/* Begin PBXContainerItemProxy section */
		6376D91D198AC6EC00405622 /* PBXContainerItemProxy */ = {
			isa = PBXContainerItemProxy;
			containerPortal = 6376D8EF198AC6EB00405622 /* Project object */;
			proxyType = 1;
			remoteGlobalIDString = 6376D8F6198AC6EB00405622;
			remoteInfo = FastestRPM;
		};
/* End PBXContainerItemProxy section */

/* Begin PBXFileReference section */
		6376D8F7198AC6EB00405622 /* FastestRPM.app */ = {isa = PBXFileReference; explicitFileType = wrapper.application; includeInIndex = 0; path = FastestRPM.app; sourceTree = BUILT_PRODUCTS_DIR; };
		6376D8FA198AC6EB00405622 /* Foundation.framework */ = {isa = PBXFileReference; lastKnownFileType = wrapper.framework; name = Foundation.framework; path = System/Library/Frameworks/Foundation.framework; sourceTree = SDKROOT; };
		6376D8FC198AC6EC00405622 /* CoreGraphics.framework */ = {isa = PBXFileReference; lastKnownFileType = wrapper.framework; name = CoreGraphics.framework; path = System/Library/Frameworks/CoreGraphics.framework; sourceTree = SDKROOT; };
		6376D8FE198AC6EC00405622 /* UIKit.framework */ = {isa = PBXFileReference; lastKnownFileType = wrapper.framework; name = UIKit.framework; path = System/Library/Frameworks/UIKit.framework; sourceTree = SDKROOT; };
		6376D902198AC6EC00405622 /* FastestRPM-Info.plist */ = {isa = PBXFileReference; lastKnownFileType = text.plist.xml; path = "FastestRPM-Info.plist"; sourceTree = "<group>"; };
		6376D904198AC6EC00405622 /* en */ = {isa = PBXFileReference; lastKnownFileType = text.plist.strings; name = en; path = en.lproj/InfoPlist.strings; sourceTree = "<group>"; };
		6376D906198AC6EC00405622 /* main.m */ = {isa = PBXFileReference; lastKnownFileType = sourcecode.c.objc; path = main.m; sourceTree = "<group>"; };
		6376D908198AC6EC00405622 /* FastestRPM-Prefix.pch */ = {isa = PBXFileReference; lastKnownFileType = sourcecode.c.h; path = "FastestRPM-Prefix.pch"; sourceTree = "<group>"; };
		6376D909198AC6EC00405622 /* TMDAppDelegate.h */ = {isa = PBXFileReference; lastKnownFileType = sourcecode.c.h; path = TMDAppDelegate.h; sourceTree = "<group>"; };
		6376D90A198AC6EC00405622 /* TMDAppDelegate.m */ = {isa = PBXFileReference; lastKnownFileType = sourcecode.c.objc; path = TMDAppDelegate.m; sourceTree = "<group>"; };
		6376D90D198AC6EC00405622 /* Base */ = {isa = PBXFileReference; lastKnownFileType = file.storyboard; name = Base; path = Base.lproj/Main.storyboard; sourceTree = "<group>"; };
		6376D90F198AC6EC00405622 /* TMDViewController.h */ = {isa = PBXFileReference; lastKnownFileType = sourcecode.c.h; path = TMDViewController.h; sourceTree = "<group>"; };
		6376D910198AC6EC00405622 /* TMDViewController.m */ = {isa = PBXFileReference; lastKnownFileType = sourcecode.c.objc; path = TMDViewController.m; sourceTree = "<group>"; };
		6376D912198AC6EC00405622 /* Images.xcassets */ = {isa = PBXFileReference; lastKnownFileType = folder.assetcatalog; path = Images.xcassets; sourceTree = "<group>"; };
		6376D918198AC6EC00405622 /* FastestRPMTests.xctest */ = {isa = PBXFileReference; explicitFileType = wrapper.cfbundle; includeInIndex = 0; path = FastestRPMTests.xctest; sourceTree = BUILT_PRODUCTS_DIR; };
		6376D919198AC6EC00405622 /* XCTest.framework */ = {isa = PBXFileReference; lastKnownFileType = wrapper.framework; name = XCTest.framework; path = Library/Frameworks/XCTest.framework; sourceTree = DEVELOPER_DIR; };
		6376D921198AC6EC00405622 /* FastestRPMTests-Info.plist */ = {isa = PBXFileReference; lastKnownFileType = text.plist.xml; path = "FastestRPMTests-Info.plist"; sourceTree = "<group>"; };
		6376D923198AC6EC00405622 /* en */ = {isa = PBXFileReference; lastKnownFileType = text.plist.strings; name = en; path = en.lproj/InfoPlist.strings; sourceTree = "<group>"; };
		6376D925198AC6EC00405622 /* FastestRPMTests.m */ = {isa = PBXFileReference; lastKnownFileType = sourcecode.c.objc; path = FastestRPMTests.m; sourceTree = "<group>"; };
		6376D92F198ACBA800405622 /* speedometer_needle.jpg */ = {isa = PBXFileReference; lastKnownFileType = image.jpeg; path = speedometer_needle.jpg; sourceTree = "<group>"; };
		6376D931198ACFF100405622 /* speedometer_without_needle.jpg */ = {isa = PBXFileReference; lastKnownFileType = image.jpeg; path = speedometer_without_needle.jpg; sourceTree = "<group>"; };
/* End PBXFileReference section */

/* Begin PBXFrameworksBuildPhase section */
		6376D8F4198AC6EB00405622 /* Frameworks */ = {
			isa = PBXFrameworksBuildPhase;
			buildActionMask = 2147483647;
			files = (
				6376D8FD198AC6EC00405622 /* CoreGraphics.framework in Frameworks */,
				6376D8FF198AC6EC00405622 /* UIKit.framework in Frameworks */,
				6376D8FB198AC6EC00405622 /* Foundation.framework in Frameworks */,
			);
			runOnlyForDeploymentPostprocessing = 0;
		};
		6376D915198AC6EC00405622 /* Frameworks */ = {
			isa = PBXFrameworksBuildPhase;
			buildActionMask = 2147483647;
			files = (
				6376D91A198AC6EC00405622 /* XCTest.framework in Frameworks */,
				6376D91C198AC6EC00405622 /* UIKit.framework in Frameworks */,
				6376D91B198AC6EC00405622 /* Foundation.framework in Frameworks */,
			);
			runOnlyForDeploymentPostprocessing = 0;
		};
/* End PBXFrameworksBuildPhase section */

/* Begin PBXGroup section */
		6376D8EE198AC6EB00405622 = {
			isa = PBXGroup;
			children = (
				6376D900198AC6EC00405622 /* FastestRPM */,
				6376D91F198AC6EC00405622 /* FastestRPMTests */,
				6376D8F9198AC6EB00405622 /* Frameworks */,
				6376D8F8198AC6EB00405622 /* Products */,
			);
			sourceTree = "<group>";
		};
		6376D8F8198AC6EB00405622 /* Products */ = {
			isa = PBXGroup;
			children = (
				6376D8F7198AC6EB00405622 /* FastestRPM.app */,
				6376D918198AC6EC00405622 /* FastestRPMTests.xctest */,
			);
			name = Products;
			sourceTree = "<group>";
		};
		6376D8F9198AC6EB00405622 /* Frameworks */ = {
			isa = PBXGroup;
			children = (
				6376D8FA198AC6EB00405622 /* Foundation.framework */,
				6376D8FC198AC6EC00405622 /* CoreGraphics.framework */,
				6376D8FE198AC6EC00405622 /* UIKit.framework */,
				6376D919198AC6EC00405622 /* XCTest.framework */,
			);
			name = Frameworks;
			sourceTree = "<group>";
		};
		6376D900198AC6EC00405622 /* FastestRPM */ = {
			isa = PBXGroup;
			children = (
				6376D909198AC6EC00405622 /* TMDAppDelegate.h */,
				6376D90A198AC6EC00405622 /* TMDAppDelegate.m */,
				6376D90C198AC6EC00405622 /* Main.storyboard */,
				6376D90F198AC6EC00405622 /* TMDViewController.h */,
				6376D910198AC6EC00405622 /* TMDViewController.m */,
				6376D912198AC6EC00405622 /* Images.xcassets */,
				6376D901198AC6EC00405622 /* Supporting Files */,
			);
			path = FastestRPM;
			sourceTree = "<group>";
		};
		6376D901198AC6EC00405622 /* Supporting Files */ = {
			isa = PBXGroup;
			children = (
				6376D931198ACFF100405622 /* speedometer_without_needle.jpg */,
				6376D92F198ACBA800405622 /* speedometer_needle.jpg */,
				6376D902198AC6EC00405622 /* FastestRPM-Info.plist */,
				6376D903198AC6EC00405622 /* InfoPlist.strings */,
				6376D906198AC6EC00405622 /* main.m */,
				6376D908198AC6EC00405622 /* FastestRPM-Prefix.pch */,
			);
			name = "Supporting Files";
			sourceTree = "<group>";
		};
		6376D91F198AC6EC00405622 /* FastestRPMTests */ = {
			isa = PBXGroup;
			children = (
				6376D925198AC6EC00405622 /* FastestRPMTests.m */,
				6376D920198AC6EC00405622 /* Supporting Files */,
			);
			path = FastestRPMTests;
			sourceTree = "<group>";
		};
		6376D920198AC6EC00405622 /* Supporting Files */ = {
			isa = PBXGroup;
			children = (
				6376D921198AC6EC00405622 /* FastestRPMTests-Info.plist */,
				6376D922198AC6EC00405622 /* InfoPlist.strings */,
			);
			name = "Supporting Files";
			sourceTree = "<group>";
		};
/* End PBXGroup section */

/* Begin PBXNativeTarget section */
		6376D8F6198AC6EB00405622 /* FastestRPM */ = {
			isa = PBXNativeTarget;
			buildConfigurationList = 6376D929198AC6EC00405622 /* Build configuration list for PBXNativeTarget "FastestRPM" */;
			buildPhases = (
				6376D8F3198AC6EB00405622 /* Sources */,
				6376D8F4198AC6EB00405622 /* Frameworks */,
				6376D8F5198AC6EB00405622 /* Resources */,
			);
			buildRules = (
			);
			dependencies = (
			);
			name = FastestRPM;
			productName = FastestRPM;
			productReference = 6376D8F7198AC6EB00405622 /* FastestRPM.app */;
			productType = "com.apple.product-type.application";
		};
		6376D917198AC6EC00405622 /* FastestRPMTests */ = {
			isa = PBXNativeTarget;
			buildConfigurationList = 6376D92C198AC6EC00405622 /* Build configuration list for PBXNativeTarget "FastestRPMTests" */;
			buildPhases = (
				6376D914198AC6EC00405622 /* Sources */,
				6376D915198AC6EC00405622 /* Frameworks */,
				6376D916198AC6EC00405622 /* Resources */,
			);
			buildRules = (
			);
			dependencies = (
				6376D91E198AC6EC00405622 /* PBXTargetDependency */,
			);
			name = FastestRPMTests;
			productName = FastestRPMTests;
			productReference = 6376D918198AC6EC00405622 /* FastestRPMTests.xctest */;
			productType = "com.apple.product-type.bundle.unit-test";
		};
/* End PBXNativeTarget section */

/* Begin PBXProject section */
		6376D8EF198AC6EB00405622 /* Project object */ = {
			isa = PBXProject;
			attributes = {
				CLASSPREFIX = TMD;
				LastUpgradeCheck = 0510;
				ORGANIZATIONNAME = "Tom Daggett";
				TargetAttributes = {
					6376D917198AC6EC00405622 = {
						TestTargetID = 6376D8F6198AC6EB00405622;
					};
				};
			};
			buildConfigurationList = 6376D8F2198AC6EB00405622 /* Build configuration list for PBXProject "FastestRPM" */;
			compatibilityVersion = "Xcode 3.2";
			developmentRegion = English;
			hasScannedForEncodings = 0;
			knownRegions = (
				en,
				Base,
			);
			mainGroup = 6376D8EE198AC6EB00405622;
			productRefGroup = 6376D8F8198AC6EB00405622 /* Products */;
			projectDirPath = "";
			projectRoot = "";
			targets = (
				6376D8F6198AC6EB00405622 /* FastestRPM */,
				6376D917198AC6EC00405622 /* FastestRPMTests */,
			);
		};
/* End PBXProject section */

/* Begin PBXResourcesBuildPhase section */
		6376D8F5198AC6EB00405622 /* Resources */ = {
			isa = PBXResourcesBuildPhase;
			buildActionMask = 2147483647;
			files = (
				6376D932198ACFF100405622 /* speedometer_without_needle.jpg in Resources */,
				6376D913198AC6EC00405622 /* Images.xcassets in Resources */,
				6376D905198AC6EC00405622 /* InfoPlist.strings in Resources */,
				6376D930198ACBA800405622 /* speedometer_needle.jpg in Resources */,
				6376D90E198AC6EC00405622 /* Main.storyboard in Resources */,
			);
			runOnlyForDeploymentPostprocessing = 0;
		};
		6376D916198AC6EC00405622 /* Resources */ = {
			isa = PBXResourcesBuildPhase;
			buildActionMask = 2147483647;
			files = (
				6376D924198AC6EC00405622 /* InfoPlist.strings in Resources */,
			);
			runOnlyForDeploymentPostprocessing = 0;
		};
/* End PBXResourcesBuildPhase section */

/* Begin PBXSourcesBuildPhase section */
		6376D8F3198AC6EB00405622 /* Sources */ = {
			isa = PBXSourcesBuildPhase;
			buildActionMask = 2147483647;
			files = (
				6376D90B198AC6EC00405622 /* TMDAppDelegate.m in Sources */,
				6376D907198AC6EC00405622 /* main.m in Sources */,
				6376D911198AC6EC00405622 /* TMDViewController.m in Sources */,
			);
			runOnlyForDeploymentPostprocessing = 0;
		};
		6376D914198AC6EC00405622 /* Sources */ = {
			isa = PBXSourcesBuildPhase;
			buildActionMask = 2147483647;
			files = (
				6376D926198AC6EC00405622 /* FastestRPMTests.m in Sources */,
			);
			runOnlyForDeploymentPostprocessing = 0;
		};
/* End PBXSourcesBuildPhase section */

/* Begin PBXTargetDependency section */
		6376D91E198AC6EC00405622 /* PBXTargetDependency */ = {
			isa = PBXTargetDependency;
			target = 6376D8F6198AC6EB00405622 /* FastestRPM */;
			targetProxy = 6376D91D198AC6EC00405622 /* PBXContainerItemProxy */;
		};
/* End PBXTargetDependency section */

/* Begin PBXVariantGroup section */
		6376D903198AC6EC00405622 /* InfoPlist.strings */ = {
			isa = PBXVariantGroup;
			children = (
				6376D904198AC6EC00405622 /* en */,
			);
			name = InfoPlist.strings;
			sourceTree = "<group>";
		};
		6376D90C198AC6EC00405622 /* Main.storyboard */ = {
			isa = PBXVariantGroup;
			children = (
				6376D90D198AC6EC00405622 /* Base */,
			);
			name = Main.storyboard;
			sourceTree = "<group>";
		};
		6376D922198AC6EC00405622 /* InfoPlist.strings */ = {
			isa = PBXVariantGroup;
			children = (
				6376D923198AC6EC00405622 /* en */,
			);
			name = InfoPlist.strings;
			sourceTree = "<group>";
		};
/* End PBXVariantGroup section */

/* Begin XCBuildConfiguration section */
		6376D927198AC6EC00405622 /* Debug */ = {
			isa = XCBuildConfiguration;
			buildSettings = {
				ALWAYS_SEARCH_USER_PATHS = NO;
				CLANG_CXX_LANGUAGE_STANDARD = "gnu++0x";
				CLANG_CXX_LIBRARY = "libc++";
				CLANG_ENABLE_MODULES = YES;
				CLANG_ENABLE_OBJC_ARC = YES;
				CLANG_WARN_BOOL_CONVERSION = YES;
				CLANG_WARN_CONSTANT_CONVERSION = YES;
				CLANG_WARN_DIRECT_OBJC_ISA_USAGE = YES_ERROR;
				CLANG_WARN_EMPTY_BODY = YES;
				CLANG_WARN_ENUM_CONVERSION = YES;
				CLANG_WARN_INT_CONVERSION = YES;
				CLANG_WARN_OBJC_ROOT_CLASS = YES_ERROR;
				CLANG_WARN__DUPLICATE_METHOD_MATCH = YES;
				"CODE_SIGN_IDENTITY[sdk=iphoneos*]" = "iPhone Developer";
				COPY_PHASE_STRIP = NO;
				GCC_C_LANGUAGE_STANDARD = gnu99;
				GCC_DYNAMIC_NO_PIC = NO;
				GCC_OPTIMIZATION_LEVEL = 0;
				GCC_PREPROCESSOR_DEFINITIONS = (
					"DEBUG=1",
					"$(inherited)",
				);
				GCC_SYMBOLS_PRIVATE_EXTERN = NO;
				GCC_WARN_64_TO_32_BIT_CONVERSION = YES;
				GCC_WARN_ABOUT_RETURN_TYPE = YES_ERROR;
				GCC_WARN_UNDECLARED_SELECTOR = YES;
				GCC_WARN_UNINITIALIZED_AUTOS = YES_AGGRESSIVE;
				GCC_WARN_UNUSED_FUNCTION = YES;
				GCC_WARN_UNUSED_VARIABLE = YES;
				IPHONEOS_DEPLOYMENT_TARGET = 7.1;
				ONLY_ACTIVE_ARCH = YES;
				SDKROOT = iphoneos;
			};
			name = Debug;
		};
		6376D928198AC6EC00405622 /* Release */ = {
			isa = XCBuildConfiguration;
			buildSettings = {
				ALWAYS_SEARCH_USER_PATHS = NO;
				CLANG_CXX_LANGUAGE_STANDARD = "gnu++0x";
				CLANG_CXX_LIBRARY = "libc++";
				CLANG_ENABLE_MODULES = YES;
				CLANG_ENABLE_OBJC_ARC = YES;
				CLANG_WARN_BOOL_CONVERSION = YES;
				CLANG_WARN_CONSTANT_CONVERSION = YES;
				CLANG_WARN_DIRECT_OBJC_ISA_USAGE = YES_ERROR;
				CLANG_WARN_EMPTY_BODY = YES;
				CLANG_WARN_ENUM_CONVERSION = YES;
				CLANG_WARN_INT_CONVERSION = YES;
				CLANG_WARN_OBJC_ROOT_CLASS = YES_ERROR;
				CLANG_WARN__DUPLICATE_METHOD_MATCH = YES;
				"CODE_SIGN_IDENTITY[sdk=iphoneos*]" = "iPhone Developer";
				COPY_PHASE_STRIP = YES;
				ENABLE_NS_ASSERTIONS = NO;
				GCC_C_LANGUAGE_STANDARD = gnu99;
				GCC_WARN_64_TO_32_BIT_CONVERSION = YES;
				GCC_WARN_ABOUT_RETURN_TYPE = YES_ERROR;
				GCC_WARN_UNDECLARED_SELECTOR = YES;
				GCC_WARN_UNINITIALIZED_AUTOS = YES_AGGRESSIVE;
				GCC_WARN_UNUSED_FUNCTION = YES;
				GCC_WARN_UNUSED_VARIABLE = YES;
				IPHONEOS_DEPLOYMENT_TARGET = 7.1;
				SDKROOT = iphoneos;
				VALIDATE_PRODUCT = YES;
			};
			name = Release;
		};
		6376D92A198AC6EC00405622 /* Debug */ = {
			isa = XCBuildConfiguration;
			buildSettings = {
				ASSETCATALOG_COMPILER_APPICON_NAME = AppIcon;
				ASSETCATALOG_COMPILER_LAUNCHIMAGE_NAME = LaunchImage;
				GCC_PRECOMPILE_PREFIX_HEADER = YES;
				GCC_PREFIX_HEADER = "FastestRPM/FastestRPM-Prefix.pch";
				INFOPLIST_FILE = "FastestRPM/FastestRPM-Info.plist";
				PRODUCT_NAME = "$(TARGET_NAME)";
				WRAPPER_EXTENSION = app;
			};
			name = Debug;
		};
		6376D92B198AC6EC00405622 /* Release */ = {
			isa = XCBuildConfiguration;
			buildSettings = {
				ASSETCATALOG_COMPILER_APPICON_NAME = AppIcon;
				ASSETCATALOG_COMPILER_LAUNCHIMAGE_NAME = LaunchImage;
				GCC_PRECOMPILE_PREFIX_HEADER = YES;
				GCC_PREFIX_HEADER = "FastestRPM/FastestRPM-Prefix.pch";
				INFOPLIST_FILE = "FastestRPM/FastestRPM-Info.plist";
				PRODUCT_NAME = "$(TARGET_NAME)";
				WRAPPER_EXTENSION = app;
			};
			name = Release;
		};
		6376D92D198AC6EC00405622 /* Debug */ = {
			isa = XCBuildConfiguration;
			buildSettings = {
				BUNDLE_LOADER = "$(BUILT_PRODUCTS_DIR)/FastestRPM.app/FastestRPM";
				FRAMEWORK_SEARCH_PATHS = (
					"$(SDKROOT)/Developer/Library/Frameworks",
					"$(inherited)",
					"$(DEVELOPER_FRAMEWORKS_DIR)",
				);
				GCC_PRECOMPILE_PREFIX_HEADER = YES;
				GCC_PREFIX_HEADER = "FastestRPM/FastestRPM-Prefix.pch";
				GCC_PREPROCESSOR_DEFINITIONS = (
					"DEBUG=1",
					"$(inherited)",
				);
				INFOPLIST_FILE = "FastestRPMTests/FastestRPMTests-Info.plist";
				PRODUCT_NAME = "$(TARGET_NAME)";
				TEST_HOST = "$(BUNDLE_LOADER)";
				WRAPPER_EXTENSION = xctest;
			};
			name = Debug;
		};
		6376D92E198AC6EC00405622 /* Release */ = {
			isa = XCBuildConfiguration;
			buildSettings = {
				BUNDLE_LOADER = "$(BUILT_PRODUCTS_DIR)/FastestRPM.app/FastestRPM";
				FRAMEWORK_SEARCH_PATHS = (
					"$(SDKROOT)/Developer/Library/Frameworks",
					"$(inherited)",
					"$(DEVELOPER_FRAMEWORKS_DIR)",
				);
				GCC_PRECOMPILE_PREFIX_HEADER = YES;
				GCC_PREFIX_HEADER = "FastestRPM/FastestRPM-Prefix.pch";
				INFOPLIST_FILE = "FastestRPMTests/FastestRPMTests-Info.plist";
				PRODUCT_NAME = "$(TARGET_NAME)";
				TEST_HOST = "$(BUNDLE_LOADER)";
				WRAPPER_EXTENSION = xctest;
			};
			name = Release;
		};
/* End XCBuildConfiguration section */

/* Begin XCConfigurationList section */
		6376D8F2198AC6EB00405622 /* Build configuration list for PBXProject "FastestRPM" */ = {
			isa = XCConfigurationList;
			buildConfigurations = (
				6376D927198AC6EC00405622 /* Debug */,
				6376D928198AC6EC00405622 /* Release */,
			);
			defaultConfigurationIsVisible = 0;
			defaultConfigurationName = Release;
		};
		6376D929198AC6EC00405622 /* Build configuration list for PBXNativeTarget "FastestRPM" */ = {
			isa = XCConfigurationList;
			buildConfigurations = (
				6376D92A198AC6EC00405622 /* Debug */,
				6376D92B198AC6EC00405622 /* Release */,
			);
			defaultConfigurationIsVisible = 0;
		};
		6376D92C198AC6EC00405622 /* Build configuration list for PBXNativeTarget "FastestRPMTests" */ = {
			isa = XCConfigurationList;
			buildConfigurations = (
				6376D92D198AC6EC00405622 /* Debug */,
				6376D92E198AC6EC00405622 /* Release */,
			);
			defaultConfigurationIsVisible = 0;
		};
/* End XCConfigurationList section */
	};
	rootObject = 6376D8EF198AC6EB00405622 /* Project object */;
}
